// !$*UTF8*$!
{
	archiveVersion = 1;
	classes = {
	};
	objectVersion = 56;
	objects = {

/* Begin PBXBuildFile section */
		405B79D42A5D638D00C2C01A /* TimeController.swift in Sources */ = {isa = PBXBuildFile; fileRef = 405B79D32A5D638D00C2C01A /* TimeController.swift */; };
		405B79DA2A61614400C2C01A /* Constants.swift in Sources */ = {isa = PBXBuildFile; fileRef = 405B79D92A61614400C2C01A /* Constants.swift */; };
		405B79DC2A616C7600C2C01A /* TimeUtils.swift in Sources */ = {isa = PBXBuildFile; fileRef = 405B79DB2A616C7600C2C01A /* TimeUtils.swift */; };
		405B79DE2A6176A700C2C01A /* NotificationController.swift in Sources */ = {isa = PBXBuildFile; fileRef = 405B79DD2A6176A700C2C01A /* NotificationController.swift */; };
		405B79E02A6184A600C2C01A /* AppDelegate.swift in Sources */ = {isa = PBXBuildFile; fileRef = 405B79DF2A6184A600C2C01A /* AppDelegate.swift */; };
		405B79E32A6343F800C2C01A /* ToastView.swift in Sources */ = {isa = PBXBuildFile; fileRef = 405B79E22A6343F800C2C01A /* ToastView.swift */; };
		405B79E52A63520B00C2C01A /* SegmentedView.swift in Sources */ = {isa = PBXBuildFile; fileRef = 405B79E42A63520B00C2C01A /* SegmentedView.swift */; };
		405B79E72A64332B00C2C01A /* SplashScreenView.swift in Sources */ = {isa = PBXBuildFile; fileRef = 405B79E62A64332B00C2C01A /* SplashScreenView.swift */; };
		405B79E92A653FCD00C2C01A /* AdjustedClockTextView.swift in Sources */ = {isa = PBXBuildFile; fileRef = 405B79E82A653FCD00C2C01A /* AdjustedClockTextView.swift */; };
		405B7A092A68508200C2C01A /* TimeStretchWatchApp.swift in Sources */ = {isa = PBXBuildFile; fileRef = 405B7A082A68508200C2C01A /* TimeStretchWatchApp.swift */; };
		405B7A0B2A68508200C2C01A /* ContentView.swift in Sources */ = {isa = PBXBuildFile; fileRef = 405B7A0A2A68508200C2C01A /* ContentView.swift */; };
		405B7A0D2A68508300C2C01A /* Assets.xcassets in Resources */ = {isa = PBXBuildFile; fileRef = 405B7A0C2A68508300C2C01A /* Assets.xcassets */; };
		405B7A102A68508300C2C01A /* Preview Assets.xcassets in Resources */ = {isa = PBXBuildFile; fileRef = 405B7A0F2A68508300C2C01A /* Preview Assets.xcassets */; };
		405B7A132A68508300C2C01A /* TimeStretchWatch Watch App.app in Embed Watch Content */ = {isa = PBXBuildFile; fileRef = 405B7A062A68508200C2C01A /* TimeStretchWatch Watch App.app */; settings = {ATTRIBUTES = (RemoveHeadersOnCopy, ); }; };
		405B7A192A6B262A00C2C01A /* TimeUtils.swift in Sources */ = {isa = PBXBuildFile; fileRef = 405B7A182A6B262A00C2C01A /* TimeUtils.swift */; };
		405B7A1B2A6B264500C2C01A /* Constants.swift in Sources */ = {isa = PBXBuildFile; fileRef = 405B7A1A2A6B264500C2C01A /* Constants.swift */; };
		405B7A1E2A6B267100C2C01A /* TimeController.swift in Sources */ = {isa = PBXBuildFile; fileRef = 405B7A1D2A6B267100C2C01A /* TimeController.swift */; };
		405B7A202A6B268C00C2C01A /* NotificationController.swift in Sources */ = {isa = PBXBuildFile; fileRef = 405B7A1F2A6B268C00C2C01A /* NotificationController.swift */; };
		405B7A242A7067FE00C2C01A /* SegmentedView.swift in Sources */ = {isa = PBXBuildFile; fileRef = 405B7A232A7067FE00C2C01A /* SegmentedView.swift */; };
		405B7A2F2A71726700C2C01A /* ExtensionDelegate.swift in Sources */ = {isa = PBXBuildFile; fileRef = 405B7A2E2A71726700C2C01A /* ExtensionDelegate.swift */; };
		406A643A2A5B43FC004853AF /* TimeStretchApp.swift in Sources */ = {isa = PBXBuildFile; fileRef = 406A64392A5B43FC004853AF /* TimeStretchApp.swift */; };
		406A643C2A5B43FC004853AF /* ContentView.swift in Sources */ = {isa = PBXBuildFile; fileRef = 406A643B2A5B43FC004853AF /* ContentView.swift */; };
		406A643E2A5B43FD004853AF /* Assets.xcassets in Resources */ = {isa = PBXBuildFile; fileRef = 406A643D2A5B43FD004853AF /* Assets.xcassets */; };
		406A64412A5B43FD004853AF /* Preview Assets.xcassets in Resources */ = {isa = PBXBuildFile; fileRef = 406A64402A5B43FD004853AF /* Preview Assets.xcassets */; };
/* End PBXBuildFile section */

/* Begin PBXContainerItemProxy section */
		405B7A112A68508300C2C01A /* PBXContainerItemProxy */ = {
			isa = PBXContainerItemProxy;
			containerPortal = 406A642E2A5B43FC004853AF /* Project object */;
			proxyType = 1;
			remoteGlobalIDString = 405B7A052A68508200C2C01A;
			remoteInfo = "TimeStretchWatch Watch App";
		};
/* End PBXContainerItemProxy section */

/* Begin PBXCopyFilesBuildPhase section */
		405B7A012A68504800C2C01A /* Embed Watch Content */ = {
			isa = PBXCopyFilesBuildPhase;
			buildActionMask = 2147483647;
			dstPath = "$(CONTENTS_FOLDER_PATH)/Watch";
			dstSubfolderSpec = 16;
			files = (
				405B7A132A68508300C2C01A /* TimeStretchWatch Watch App.app in Embed Watch Content */,
			);
			name = "Embed Watch Content";
			runOnlyForDeploymentPostprocessing = 0;
		};
/* End PBXCopyFilesBuildPhase section */

/* Begin PBXFileReference section */
		405B79D32A5D638D00C2C01A /* TimeController.swift */ = {isa = PBXFileReference; lastKnownFileType = sourcecode.swift; path = TimeController.swift; sourceTree = "<group>"; };
		405B79D72A5F428100C2C01A /* TimeStretch.entitlements */ = {isa = PBXFileReference; lastKnownFileType = text.plist.entitlements; path = TimeStretch.entitlements; sourceTree = "<group>"; };
		405B79D92A61614400C2C01A /* Constants.swift */ = {isa = PBXFileReference; lastKnownFileType = sourcecode.swift; path = Constants.swift; sourceTree = "<group>"; };
		405B79DB2A616C7600C2C01A /* TimeUtils.swift */ = {isa = PBXFileReference; lastKnownFileType = sourcecode.swift; path = TimeUtils.swift; sourceTree = "<group>"; };
		405B79DD2A6176A700C2C01A /* NotificationController.swift */ = {isa = PBXFileReference; lastKnownFileType = sourcecode.swift; path = NotificationController.swift; sourceTree = "<group>"; };
		405B79DF2A6184A600C2C01A /* AppDelegate.swift */ = {isa = PBXFileReference; lastKnownFileType = sourcecode.swift; path = AppDelegate.swift; sourceTree = "<group>"; };
		405B79E22A6343F800C2C01A /* ToastView.swift */ = {isa = PBXFileReference; lastKnownFileType = sourcecode.swift; path = ToastView.swift; sourceTree = "<group>"; };
		405B79E42A63520B00C2C01A /* SegmentedView.swift */ = {isa = PBXFileReference; lastKnownFileType = sourcecode.swift; path = SegmentedView.swift; sourceTree = "<group>"; };
		405B79E62A64332B00C2C01A /* SplashScreenView.swift */ = {isa = PBXFileReference; lastKnownFileType = sourcecode.swift; path = SplashScreenView.swift; sourceTree = "<group>"; };
		405B79E82A653FCD00C2C01A /* AdjustedClockTextView.swift */ = {isa = PBXFileReference; lastKnownFileType = sourcecode.swift; path = AdjustedClockTextView.swift; sourceTree = "<group>"; };
		405B7A062A68508200C2C01A /* TimeStretchWatch Watch App.app */ = {isa = PBXFileReference; explicitFileType = wrapper.application; includeInIndex = 0; path = "TimeStretchWatch Watch App.app"; sourceTree = BUILT_PRODUCTS_DIR; };
		405B7A082A68508200C2C01A /* TimeStretchWatchApp.swift */ = {isa = PBXFileReference; lastKnownFileType = sourcecode.swift; path = TimeStretchWatchApp.swift; sourceTree = "<group>"; };
		405B7A0A2A68508200C2C01A /* ContentView.swift */ = {isa = PBXFileReference; lastKnownFileType = sourcecode.swift; path = ContentView.swift; sourceTree = "<group>"; };
		405B7A0C2A68508300C2C01A /* Assets.xcassets */ = {isa = PBXFileReference; lastKnownFileType = folder.assetcatalog; path = Assets.xcassets; sourceTree = "<group>"; };
		405B7A0F2A68508300C2C01A /* Preview Assets.xcassets */ = {isa = PBXFileReference; lastKnownFileType = folder.assetcatalog; path = "Preview Assets.xcassets"; sourceTree = "<group>"; };
		405B7A182A6B262A00C2C01A /* TimeUtils.swift */ = {isa = PBXFileReference; lastKnownFileType = sourcecode.swift; path = TimeUtils.swift; sourceTree = "<group>"; };
		405B7A1A2A6B264500C2C01A /* Constants.swift */ = {isa = PBXFileReference; lastKnownFileType = sourcecode.swift; path = Constants.swift; sourceTree = "<group>"; };
		405B7A1D2A6B267100C2C01A /* TimeController.swift */ = {isa = PBXFileReference; lastKnownFileType = sourcecode.swift; path = TimeController.swift; sourceTree = "<group>"; };
		405B7A1F2A6B268C00C2C01A /* NotificationController.swift */ = {isa = PBXFileReference; lastKnownFileType = sourcecode.swift; path = NotificationController.swift; sourceTree = "<group>"; };
		405B7A232A7067FE00C2C01A /* SegmentedView.swift */ = {isa = PBXFileReference; lastKnownFileType = sourcecode.swift; path = SegmentedView.swift; sourceTree = "<group>"; };
		405B7A2E2A71726700C2C01A /* ExtensionDelegate.swift */ = {isa = PBXFileReference; lastKnownFileType = sourcecode.swift; path = ExtensionDelegate.swift; sourceTree = "<group>"; };
		406A64362A5B43FC004853AF /* TimeStretch.app */ = {isa = PBXFileReference; explicitFileType = wrapper.application; includeInIndex = 0; path = TimeStretch.app; sourceTree = BUILT_PRODUCTS_DIR; };
		406A64392A5B43FC004853AF /* TimeStretchApp.swift */ = {isa = PBXFileReference; lastKnownFileType = sourcecode.swift; path = TimeStretchApp.swift; sourceTree = "<group>"; };
		406A643B2A5B43FC004853AF /* ContentView.swift */ = {isa = PBXFileReference; lastKnownFileType = sourcecode.swift; path = ContentView.swift; sourceTree = "<group>"; };
		406A643D2A5B43FD004853AF /* Assets.xcassets */ = {isa = PBXFileReference; lastKnownFileType = folder.assetcatalog; path = Assets.xcassets; sourceTree = "<group>"; };
		406A64402A5B43FD004853AF /* Preview Assets.xcassets */ = {isa = PBXFileReference; lastKnownFileType = folder.assetcatalog; path = "Preview Assets.xcassets"; sourceTree = "<group>"; };
		40C54CBF2AA50B080036CB4F /* TimeStretchWatch Watch App.entitlements */ = {isa = PBXFileReference; lastKnownFileType = text.plist.entitlements; path = "TimeStretchWatch Watch App.entitlements"; sourceTree = "<group>"; };
/* End PBXFileReference section */

/* Begin PBXFrameworksBuildPhase section */
		405B7A032A68508200C2C01A /* Frameworks */ = {
			isa = PBXFrameworksBuildPhase;
			buildActionMask = 2147483647;
			files = (
			);
			runOnlyForDeploymentPostprocessing = 0;
		};
		406A64332A5B43FC004853AF /* Frameworks */ = {
			isa = PBXFrameworksBuildPhase;
			buildActionMask = 2147483647;
			files = (
			);
			runOnlyForDeploymentPostprocessing = 0;
		};
/* End PBXFrameworksBuildPhase section */

/* Begin PBXGroup section */
		405B79D12A5D635A00C2C01A /* Views */ = {
			isa = PBXGroup;
			children = (
				406A643B2A5B43FC004853AF /* ContentView.swift */,
				405B79E62A64332B00C2C01A /* SplashScreenView.swift */,
			);
			path = Views;
			sourceTree = "<group>";
		};
		405B79D22A5D636D00C2C01A /* Controllers */ = {
			isa = PBXGroup;
			children = (
				405B79D32A5D638D00C2C01A /* TimeController.swift */,
				405B79DD2A6176A700C2C01A /* NotificationController.swift */,
			);
			path = Controllers;
			sourceTree = "<group>";
		};
		405B79D82A61613600C2C01A /* Helpers */ = {
			isa = PBXGroup;
			children = (
				405B79D92A61614400C2C01A /* Constants.swift */,
				405B79DB2A616C7600C2C01A /* TimeUtils.swift */,
			);
			path = Helpers;
			sourceTree = "<group>";
		};
		405B79E12A6343EC00C2C01A /* ViewModels */ = {
			isa = PBXGroup;
			children = (
				405B79E22A6343F800C2C01A /* ToastView.swift */,
				405B79E42A63520B00C2C01A /* SegmentedView.swift */,
				405B79E82A653FCD00C2C01A /* AdjustedClockTextView.swift */,
			);
			path = ViewModels;
			sourceTree = "<group>";
		};
		405B7A072A68508200C2C01A /* TimeStretchWatch Watch App */ = {
			isa = PBXGroup;
			children = (
				40C54CBF2AA50B080036CB4F /* TimeStretchWatch Watch App.entitlements */,
				405B7A082A68508200C2C01A /* TimeStretchWatchApp.swift */,
				405B7A2E2A71726700C2C01A /* ExtensionDelegate.swift */,
				405B7A1C2A6B266000C2C01A /* Controllers */,
				405B7A172A6B261800C2C01A /* Helpers */,
				405B7A222A7067E900C2C01A /* ViewModels */,
				405B7A212A6BD56700C2C01A /* Views */,
				405B7A0C2A68508300C2C01A /* Assets.xcassets */,
				405B7A0E2A68508300C2C01A /* Preview Content */,
			);
			path = "TimeStretchWatch Watch App";
			sourceTree = "<group>";
		};
		405B7A0E2A68508300C2C01A /* Preview Content */ = {
			isa = PBXGroup;
			children = (
				405B7A0F2A68508300C2C01A /* Preview Assets.xcassets */,
			);
			path = "Preview Content";
			sourceTree = "<group>";
		};
		405B7A172A6B261800C2C01A /* Helpers */ = {
			isa = PBXGroup;
			children = (
				405B7A182A6B262A00C2C01A /* TimeUtils.swift */,
				405B7A1A2A6B264500C2C01A /* Constants.swift */,
			);
			path = Helpers;
			sourceTree = "<group>";
		};
		405B7A1C2A6B266000C2C01A /* Controllers */ = {
			isa = PBXGroup;
			children = (
				405B7A1D2A6B267100C2C01A /* TimeController.swift */,
				405B7A1F2A6B268C00C2C01A /* NotificationController.swift */,
			);
			path = Controllers;
			sourceTree = "<group>";
		};
		405B7A212A6BD56700C2C01A /* Views */ = {
			isa = PBXGroup;
			children = (
				405B7A0A2A68508200C2C01A /* ContentView.swift */,
			);
			path = Views;
			sourceTree = "<group>";
		};
		405B7A222A7067E900C2C01A /* ViewModels */ = {
			isa = PBXGroup;
			children = (
				405B7A232A7067FE00C2C01A /* SegmentedView.swift */,
			);
			path = ViewModels;
			sourceTree = "<group>";
		};
		406A642D2A5B43FC004853AF = {
			isa = PBXGroup;
			children = (
				406A64382A5B43FC004853AF /* TimeStretch */,
				405B7A072A68508200C2C01A /* TimeStretchWatch Watch App */,
				406A64372A5B43FC004853AF /* Products */,
			);
			sourceTree = "<group>";
		};
		406A64372A5B43FC004853AF /* Products */ = {
			isa = PBXGroup;
			children = (
				406A64362A5B43FC004853AF /* TimeStretch.app */,
				405B7A062A68508200C2C01A /* TimeStretchWatch Watch App.app */,
			);
			name = Products;
			sourceTree = "<group>";
		};
		406A64382A5B43FC004853AF /* TimeStretch */ = {
			isa = PBXGroup;
			children = (
				405B79D72A5F428100C2C01A /* TimeStretch.entitlements */,
				406A64392A5B43FC004853AF /* TimeStretchApp.swift */,
				405B79DF2A6184A600C2C01A /* AppDelegate.swift */,
				405B79D82A61613600C2C01A /* Helpers */,
				405B79E12A6343EC00C2C01A /* ViewModels */,
				405B79D12A5D635A00C2C01A /* Views */,
				405B79D22A5D636D00C2C01A /* Controllers */,
				406A643D2A5B43FD004853AF /* Assets.xcassets */,
				406A643F2A5B43FD004853AF /* Preview Content */,
			);
			path = TimeStretch;
			sourceTree = "<group>";
		};
		406A643F2A5B43FD004853AF /* Preview Content */ = {
			isa = PBXGroup;
			children = (
				406A64402A5B43FD004853AF /* Preview Assets.xcassets */,
			);
			path = "Preview Content";
			sourceTree = "<group>";
		};
/* End PBXGroup section */

/* Begin PBXNativeTarget section */
		405B7A052A68508200C2C01A /* TimeStretchWatch Watch App */ = {
			isa = PBXNativeTarget;
			buildConfigurationList = 405B7A142A68508300C2C01A /* Build configuration list for PBXNativeTarget "TimeStretchWatch Watch App" */;
			buildPhases = (
				405B7A022A68508200C2C01A /* Sources */,
				405B7A032A68508200C2C01A /* Frameworks */,
				405B7A042A68508200C2C01A /* Resources */,
			);
			buildRules = (
			);
			dependencies = (
			);
			name = "TimeStretchWatch Watch App";
			productName = "TimeStretchWatch Watch App";
			productReference = 405B7A062A68508200C2C01A /* TimeStretchWatch Watch App.app */;
			productType = "com.apple.product-type.application";
		};
		406A64352A5B43FC004853AF /* TimeStretch */ = {
			isa = PBXNativeTarget;
			buildConfigurationList = 406A645A2A5B43FD004853AF /* Build configuration list for PBXNativeTarget "TimeStretch" */;
			buildPhases = (
				406A64322A5B43FC004853AF /* Sources */,
				406A64332A5B43FC004853AF /* Frameworks */,
				406A64342A5B43FC004853AF /* Resources */,
				405B7A012A68504800C2C01A /* Embed Watch Content */,
			);
			buildRules = (
			);
			dependencies = (
				405B7A122A68508300C2C01A /* PBXTargetDependency */,
			);
			name = TimeStretch;
			productName = TimeStretch;
			productReference = 406A64362A5B43FC004853AF /* TimeStretch.app */;
			productType = "com.apple.product-type.application";
		};
/* End PBXNativeTarget section */

/* Begin PBXProject section */
		406A642E2A5B43FC004853AF /* Project object */ = {
			isa = PBXProject;
			attributes = {
				BuildIndependentTargetsInParallel = 1;
				LastSwiftUpdateCheck = 1430;
				LastUpgradeCheck = 1430;
				TargetAttributes = {
					405B7A052A68508200C2C01A = {
						CreatedOnToolsVersion = 14.3;
					};
					406A64352A5B43FC004853AF = {
						CreatedOnToolsVersion = 14.3;
					};
				};
			};
			buildConfigurationList = 406A64312A5B43FC004853AF /* Build configuration list for PBXProject "TimeStretch" */;
			compatibilityVersion = "Xcode 14.0";
			developmentRegion = en;
			hasScannedForEncodings = 0;
			knownRegions = (
				en,
				Base,
			);
			mainGroup = 406A642D2A5B43FC004853AF;
			productRefGroup = 406A64372A5B43FC004853AF /* Products */;
			projectDirPath = "";
			projectRoot = "";
			targets = (
				406A64352A5B43FC004853AF /* TimeStretch */,
				405B7A052A68508200C2C01A /* TimeStretchWatch Watch App */,
			);
		};
/* End PBXProject section */

/* Begin PBXResourcesBuildPhase section */
		405B7A042A68508200C2C01A /* Resources */ = {
			isa = PBXResourcesBuildPhase;
			buildActionMask = 2147483647;
			files = (
				405B7A102A68508300C2C01A /* Preview Assets.xcassets in Resources */,
				405B7A0D2A68508300C2C01A /* Assets.xcassets in Resources */,
			);
			runOnlyForDeploymentPostprocessing = 0;
		};
		406A64342A5B43FC004853AF /* Resources */ = {
			isa = PBXResourcesBuildPhase;
			buildActionMask = 2147483647;
			files = (
				406A64412A5B43FD004853AF /* Preview Assets.xcassets in Resources */,
				406A643E2A5B43FD004853AF /* Assets.xcassets in Resources */,
			);
			runOnlyForDeploymentPostprocessing = 0;
		};
/* End PBXResourcesBuildPhase section */

/* Begin PBXSourcesBuildPhase section */
		405B7A022A68508200C2C01A /* Sources */ = {
			isa = PBXSourcesBuildPhase;
			buildActionMask = 2147483647;
			files = (
				405B7A2F2A71726700C2C01A /* ExtensionDelegate.swift in Sources */,
				405B7A242A7067FE00C2C01A /* SegmentedView.swift in Sources */,
				405B7A202A6B268C00C2C01A /* NotificationController.swift in Sources */,
				405B7A1E2A6B267100C2C01A /* TimeController.swift in Sources */,
				405B7A192A6B262A00C2C01A /* TimeUtils.swift in Sources */,
				405B7A0B2A68508200C2C01A /* ContentView.swift in Sources */,
				405B7A092A68508200C2C01A /* TimeStretchWatchApp.swift in Sources */,
				405B7A1B2A6B264500C2C01A /* Constants.swift in Sources */,
			);
			runOnlyForDeploymentPostprocessing = 0;
		};
		406A64322A5B43FC004853AF /* Sources */ = {
			isa = PBXSourcesBuildPhase;
			buildActionMask = 2147483647;
			files = (
				405B79E32A6343F800C2C01A /* ToastView.swift in Sources */,
				405B79E02A6184A600C2C01A /* AppDelegate.swift in Sources */,
				405B79DA2A61614400C2C01A /* Constants.swift in Sources */,
				405B79DC2A616C7600C2C01A /* TimeUtils.swift in Sources */,
				405B79D42A5D638D00C2C01A /* TimeController.swift in Sources */,
				405B79DE2A6176A700C2C01A /* NotificationController.swift in Sources */,
				405B79E52A63520B00C2C01A /* SegmentedView.swift in Sources */,
				405B79E92A653FCD00C2C01A /* AdjustedClockTextView.swift in Sources */,
				405B79E72A64332B00C2C01A /* SplashScreenView.swift in Sources */,
				406A643C2A5B43FC004853AF /* ContentView.swift in Sources */,
				406A643A2A5B43FC004853AF /* TimeStretchApp.swift in Sources */,
			);
			runOnlyForDeploymentPostprocessing = 0;
		};
/* End PBXSourcesBuildPhase section */

/* Begin PBXTargetDependency section */
		405B7A122A68508300C2C01A /* PBXTargetDependency */ = {
			isa = PBXTargetDependency;
			target = 405B7A052A68508200C2C01A /* TimeStretchWatch Watch App */;
			targetProxy = 405B7A112A68508300C2C01A /* PBXContainerItemProxy */;
		};
/* End PBXTargetDependency section */

/* Begin XCBuildConfiguration section */
		405B7A152A68508300C2C01A /* Debug */ = {
			isa = XCBuildConfiguration;
			buildSettings = {
				ASSETCATALOG_COMPILER_APPICON_NAME = AppIcon;
				ASSETCATALOG_COMPILER_GLOBAL_ACCENT_COLOR_NAME = AccentColor;
				CODE_SIGN_ENTITLEMENTS = "TimeStretchWatch Watch App/TimeStretchWatch Watch App.entitlements";
				CODE_SIGN_STYLE = Automatic;
				CURRENT_PROJECT_VERSION = 1;
				DEVELOPMENT_ASSET_PATHS = "\"TimeStretchWatch Watch App/Preview Content\"";
				DEVELOPMENT_TEAM = 75YQ4354B7;
				ENABLE_PREVIEWS = YES;
				GENERATE_INFOPLIST_FILE = YES;
				INFOPLIST_KEY_CFBundleDisplayName = TimeStretchWatch;
				INFOPLIST_KEY_UISupportedInterfaceOrientations = "UIInterfaceOrientationPortrait UIInterfaceOrientationPortraitUpsideDown";
				INFOPLIST_KEY_WKCompanionAppBundleIdentifier = com.Charizard17.TimeStretch;
				LD_RUNPATH_SEARCH_PATHS = (
					"$(inherited)",
					"@executable_path/Frameworks",
				);
				MARKETING_VERSION = 1.0;
				PRODUCT_BUNDLE_IDENTIFIER = com.Charizard17.TimeStretch.watchkitapp;
				PRODUCT_NAME = "$(TARGET_NAME)";
				SDKROOT = watchos;
				SKIP_INSTALL = YES;
				SWIFT_EMIT_LOC_STRINGS = YES;
				SWIFT_VERSION = 5.0;
				TARGETED_DEVICE_FAMILY = 4;
				WATCHOS_DEPLOYMENT_TARGET = 9.4;
			};
			name = Debug;
		};
		405B7A162A68508300C2C01A /* Release */ = {
			isa = XCBuildConfiguration;
			buildSettings = {
				ASSETCATALOG_COMPILER_APPICON_NAME = AppIcon;
				ASSETCATALOG_COMPILER_GLOBAL_ACCENT_COLOR_NAME = AccentColor;
				CODE_SIGN_ENTITLEMENTS = "TimeStretchWatch Watch App/TimeStretchWatch Watch App.entitlements";
				CODE_SIGN_STYLE = Automatic;
				CURRENT_PROJECT_VERSION = 1;
				DEVELOPMENT_ASSET_PATHS = "\"TimeStretchWatch Watch App/Preview Content\"";
				DEVELOPMENT_TEAM = 75YQ4354B7;
				ENABLE_PREVIEWS = YES;
				GENERATE_INFOPLIST_FILE = YES;
				INFOPLIST_KEY_CFBundleDisplayName = TimeStretchWatch;
				INFOPLIST_KEY_UISupportedInterfaceOrientations = "UIInterfaceOrientationPortrait UIInterfaceOrientationPortraitUpsideDown";
				INFOPLIST_KEY_WKCompanionAppBundleIdentifier = com.Charizard17.TimeStretch;
				LD_RUNPATH_SEARCH_PATHS = (
					"$(inherited)",
					"@executable_path/Frameworks",
				);
				MARKETING_VERSION = 1.0;
				PRODUCT_BUNDLE_IDENTIFIER = com.Charizard17.TimeStretch.watchkitapp;
				PRODUCT_NAME = "$(TARGET_NAME)";
				SDKROOT = watchos;
				SKIP_INSTALL = YES;
				SWIFT_EMIT_LOC_STRINGS = YES;
				SWIFT_VERSION = 5.0;
				TARGETED_DEVICE_FAMILY = 4;
				WATCHOS_DEPLOYMENT_TARGET = 9.4;
			};
			name = Release;
		};
		406A64582A5B43FD004853AF /* Debug */ = {
			isa = XCBuildConfiguration;
			buildSettings = {
				ALWAYS_SEARCH_USER_PATHS = NO;
				CLANG_ANALYZER_NONNULL = YES;
				CLANG_ANALYZER_NUMBER_OBJECT_CONVERSION = YES_AGGRESSIVE;
				CLANG_CXX_LANGUAGE_STANDARD = "gnu++20";
				CLANG_ENABLE_MODULES = YES;
				CLANG_ENABLE_OBJC_ARC = YES;
				CLANG_ENABLE_OBJC_WEAK = YES;
				CLANG_WARN_BLOCK_CAPTURE_AUTORELEASING = YES;
				CLANG_WARN_BOOL_CONVERSION = YES;
				CLANG_WARN_COMMA = YES;
				CLANG_WARN_CONSTANT_CONVERSION = YES;
				CLANG_WARN_DEPRECATED_OBJC_IMPLEMENTATIONS = YES;
				CLANG_WARN_DIRECT_OBJC_ISA_USAGE = YES_ERROR;
				CLANG_WARN_DOCUMENTATION_COMMENTS = YES;
				CLANG_WARN_EMPTY_BODY = YES;
				CLANG_WARN_ENUM_CONVERSION = YES;
				CLANG_WARN_INFINITE_RECURSION = YES;
				CLANG_WARN_INT_CONVERSION = YES;
				CLANG_WARN_NON_LITERAL_NULL_CONVERSION = YES;
				CLANG_WARN_OBJC_IMPLICIT_RETAIN_SELF = YES;
				CLANG_WARN_OBJC_LITERAL_CONVERSION = YES;
				CLANG_WARN_OBJC_ROOT_CLASS = YES_ERROR;
				CLANG_WARN_QUOTED_INCLUDE_IN_FRAMEWORK_HEADER = YES;
				CLANG_WARN_RANGE_LOOP_ANALYSIS = YES;
				CLANG_WARN_STRICT_PROTOTYPES = YES;
				CLANG_WARN_SUSPICIOUS_MOVE = YES;
				CLANG_WARN_UNGUARDED_AVAILABILITY = YES_AGGRESSIVE;
				CLANG_WARN_UNREACHABLE_CODE = YES;
				CLANG_WARN__DUPLICATE_METHOD_MATCH = YES;
				COPY_PHASE_STRIP = NO;
				DEBUG_INFORMATION_FORMAT = dwarf;
				ENABLE_STRICT_OBJC_MSGSEND = YES;
				ENABLE_TESTABILITY = YES;
				GCC_C_LANGUAGE_STANDARD = gnu11;
				GCC_DYNAMIC_NO_PIC = NO;
				GCC_NO_COMMON_BLOCKS = YES;
				GCC_OPTIMIZATION_LEVEL = 0;
				GCC_PREPROCESSOR_DEFINITIONS = (
					"DEBUG=1",
					"$(inherited)",
				);
				GCC_WARN_64_TO_32_BIT_CONVERSION = YES;
				GCC_WARN_ABOUT_RETURN_TYPE = YES_ERROR;
				GCC_WARN_UNDECLARED_SELECTOR = YES;
				GCC_WARN_UNINITIALIZED_AUTOS = YES_AGGRESSIVE;
				GCC_WARN_UNUSED_FUNCTION = YES;
				GCC_WARN_UNUSED_VARIABLE = YES;
				IPHONEOS_DEPLOYMENT_TARGET = 15.0;
				MTL_ENABLE_DEBUG_INFO = INCLUDE_SOURCE;
				MTL_FAST_MATH = YES;
				ONLY_ACTIVE_ARCH = YES;
				SDKROOT = iphoneos;
				SWIFT_ACTIVE_COMPILATION_CONDITIONS = DEBUG;
				SWIFT_OPTIMIZATION_LEVEL = "-Onone";
			};
			name = Debug;
		};
		406A64592A5B43FD004853AF /* Release */ = {
			isa = XCBuildConfiguration;
			buildSettings = {
				ALWAYS_SEARCH_USER_PATHS = NO;
				CLANG_ANALYZER_NONNULL = YES;
				CLANG_ANALYZER_NUMBER_OBJECT_CONVERSION = YES_AGGRESSIVE;
				CLANG_CXX_LANGUAGE_STANDARD = "gnu++20";
				CLANG_ENABLE_MODULES = YES;
				CLANG_ENABLE_OBJC_ARC = YES;
				CLANG_ENABLE_OBJC_WEAK = YES;
				CLANG_WARN_BLOCK_CAPTURE_AUTORELEASING = YES;
				CLANG_WARN_BOOL_CONVERSION = YES;
				CLANG_WARN_COMMA = YES;
				CLANG_WARN_CONSTANT_CONVERSION = YES;
				CLANG_WARN_DEPRECATED_OBJC_IMPLEMENTATIONS = YES;
				CLANG_WARN_DIRECT_OBJC_ISA_USAGE = YES_ERROR;
				CLANG_WARN_DOCUMENTATION_COMMENTS = YES;
				CLANG_WARN_EMPTY_BODY = YES;
				CLANG_WARN_ENUM_CONVERSION = YES;
				CLANG_WARN_INFINITE_RECURSION = YES;
				CLANG_WARN_INT_CONVERSION = YES;
				CLANG_WARN_NON_LITERAL_NULL_CONVERSION = YES;
				CLANG_WARN_OBJC_IMPLICIT_RETAIN_SELF = YES;
				CLANG_WARN_OBJC_LITERAL_CONVERSION = YES;
				CLANG_WARN_OBJC_ROOT_CLASS = YES_ERROR;
				CLANG_WARN_QUOTED_INCLUDE_IN_FRAMEWORK_HEADER = YES;
				CLANG_WARN_RANGE_LOOP_ANALYSIS = YES;
				CLANG_WARN_STRICT_PROTOTYPES = YES;
				CLANG_WARN_SUSPICIOUS_MOVE = YES;
				CLANG_WARN_UNGUARDED_AVAILABILITY = YES_AGGRESSIVE;
				CLANG_WARN_UNREACHABLE_CODE = YES;
				CLANG_WARN__DUPLICATE_METHOD_MATCH = YES;
				COPY_PHASE_STRIP = NO;
				DEBUG_INFORMATION_FORMAT = "dwarf-with-dsym";
				ENABLE_NS_ASSERTIONS = NO;
				ENABLE_STRICT_OBJC_MSGSEND = YES;
				GCC_C_LANGUAGE_STANDARD = gnu11;
				GCC_NO_COMMON_BLOCKS = YES;
				GCC_WARN_64_TO_32_BIT_CONVERSION = YES;
				GCC_WARN_ABOUT_RETURN_TYPE = YES_ERROR;
				GCC_WARN_UNDECLARED_SELECTOR = YES;
				GCC_WARN_UNINITIALIZED_AUTOS = YES_AGGRESSIVE;
				GCC_WARN_UNUSED_FUNCTION = YES;
				GCC_WARN_UNUSED_VARIABLE = YES;
				IPHONEOS_DEPLOYMENT_TARGET = 15.0;
				MTL_ENABLE_DEBUG_INFO = NO;
				MTL_FAST_MATH = YES;
				SDKROOT = iphoneos;
				SWIFT_COMPILATION_MODE = wholemodule;
				SWIFT_OPTIMIZATION_LEVEL = "-O";
				VALIDATE_PRODUCT = YES;
			};
			name = Release;
		};
		406A645B2A5B43FD004853AF /* Debug */ = {
			isa = XCBuildConfiguration;
			buildSettings = {
				ALWAYS_EMBED_SWIFT_STANDARD_LIBRARIES = YES;
				ASSETCATALOG_COMPILER_APPICON_NAME = AppIcon;
				ASSETCATALOG_COMPILER_GLOBAL_ACCENT_COLOR_NAME = AccentColor;
				CODE_SIGN_ENTITLEMENTS = TimeStretch/TimeStretch.entitlements;
				CODE_SIGN_STYLE = Automatic;
				CURRENT_PROJECT_VERSION = 1;
				DEVELOPMENT_ASSET_PATHS = "\"TimeStretch/Preview Content\"";
				DEVELOPMENT_TEAM = 75YQ4354B7;
				ENABLE_PREVIEWS = YES;
				GENERATE_INFOPLIST_FILE = YES;
				INFOPLIST_KEY_CFBundleDisplayName = TimeStretch;
				INFOPLIST_KEY_LSApplicationCategoryType = "public.app-category.productivity";
				INFOPLIST_KEY_UIApplicationSceneManifest_Generation = YES;
				INFOPLIST_KEY_UIApplicationSupportsIndirectInputEvents = YES;
				INFOPLIST_KEY_UILaunchScreen_Generation = YES;
				INFOPLIST_KEY_UISupportedInterfaceOrientations = UIInterfaceOrientationPortrait;
				INFOPLIST_KEY_UISupportedInterfaceOrientations_iPad = "UIInterfaceOrientationLandscapeLeft UIInterfaceOrientationLandscapeRight UIInterfaceOrientationPortrait UIInterfaceOrientationPortraitUpsideDown";
				IPHONEOS_DEPLOYMENT_TARGET = 15.0;
				LD_RUNPATH_SEARCH_PATHS = (
					"$(inherited)",
					"@executable_path/Frameworks",
				);
				MARKETING_VERSION = 1.0;
				PRODUCT_BUNDLE_IDENTIFIER = com.Charizard17.TimeStretch;
				PRODUCT_NAME = "$(TARGET_NAME)";
				SUPPORTED_PLATFORMS = "iphoneos iphonesimulator";
				SUPPORTS_MACCATALYST = NO;
				SUPPORTS_MAC_DESIGNED_FOR_IPHONE_IPAD = NO;
				SWIFT_EMIT_LOC_STRINGS = YES;
				SWIFT_VERSION = 5.0;
				TARGETED_DEVICE_FAMILY = 1;
			};
			name = Debug;
		};
		406A645C2A5B43FD004853AF /* Release */ = {
			isa = XCBuildConfiguration;
			buildSettings = {
				ALWAYS_EMBED_SWIFT_STANDARD_LIBRARIES = YES;
				ASSETCATALOG_COMPILER_APPICON_NAME = AppIcon;
				ASSETCATALOG_COMPILER_GLOBAL_ACCENT_COLOR_NAME = AccentColor;
				CODE_SIGN_ENTITLEMENTS = TimeStretch/TimeStretch.entitlements;
				CODE_SIGN_STYLE = Automatic;
				CURRENT_PROJECT_VERSION = 1;
				DEVELOPMENT_ASSET_PATHS = "\"TimeStretch/Preview Content\"";
				DEVELOPMENT_TEAM = 75YQ4354B7;
				ENABLE_PREVIEWS = YES;
				GENERATE_INFOPLIST_FILE = YES;
				INFOPLIST_KEY_CFBundleDisplayName = TimeStretch;
				INFOPLIST_KEY_LSApplicationCategoryType = "public.app-category.productivity";
				INFOPLIST_KEY_UIApplicationSceneManifest_Generation = YES;
				INFOPLIST_KEY_UIApplicationSupportsIndirectInputEvents = YES;
				INFOPLIST_KEY_UILaunchScreen_Generation = YES;
				INFOPLIST_KEY_UISupportedInterfaceOrientations = UIInterfaceOrientationPortrait;
				INFOPLIST_KEY_UISupportedInterfaceOrientations_iPad = "UIInterfaceOrientationLandscapeLeft UIInterfaceOrientationLandscapeRight UIInterfaceOrientationPortrait UIInterfaceOrientationPortraitUpsideDown";
				IPHONEOS_DEPLOYMENT_TARGET = 15.0;
				LD_RUNPATH_SEARCH_PATHS = (
					"$(inherited)",
					"@executable_path/Frameworks",
				);
				MARKETING_VERSION = 1.0;
				PRODUCT_BUNDLE_IDENTIFIER = com.Charizard17.TimeStretch;
				PRODUCT_NAME = "$(TARGET_NAME)";
				SUPPORTED_PLATFORMS = "iphoneos iphonesimulator";
				SUPPORTS_MACCATALYST = NO;
				SUPPORTS_MAC_DESIGNED_FOR_IPHONE_IPAD = NO;
				SWIFT_EMIT_LOC_STRINGS = YES;
				SWIFT_VERSION = 5.0;
				TARGETED_DEVICE_FAMILY = 1;
			};
			name = Release;
		};
/* End XCBuildConfiguration section */

/* Begin XCConfigurationList section */
		405B7A142A68508300C2C01A /* Build configuration list for PBXNativeTarget "TimeStretchWatch Watch App" */ = {
			isa = XCConfigurationList;
			buildConfigurations = (
				405B7A152A68508300C2C01A /* Debug */,
				405B7A162A68508300C2C01A /* Release */,
			);
			defaultConfigurationIsVisible = 0;
			defaultConfigurationName = Release;
		};
		406A64312A5B43FC004853AF /* Build configuration list for PBXProject "TimeStretch" */ = {
			isa = XCConfigurationList;
			buildConfigurations = (
				406A64582A5B43FD004853AF /* Debug */,
				406A64592A5B43FD004853AF /* Release */,
			);
			defaultConfigurationIsVisible = 0;
			defaultConfigurationName = Release;
		};
		406A645A2A5B43FD004853AF /* Build configuration list for PBXNativeTarget "TimeStretch" */ = {
			isa = XCConfigurationList;
			buildConfigurations = (
				406A645B2A5B43FD004853AF /* Debug */,
				406A645C2A5B43FD004853AF /* Release */,
			);
			defaultConfigurationIsVisible = 0;
			defaultConfigurationName = Release;
		};
/* End XCConfigurationList section */
	};
	rootObject = 406A642E2A5B43FC004853AF /* Project object */;
}
